
Microsoft Visual Studio Solution File, Format Version 12.00
# Visual Studio 15
VisualStudioVersion = 15.0.28307.438
MinimumVisualStudioVersion = 10.0.40219.1
Project("{9A19103F-16F7-4668-BE54-9A1E7A4F7556}") = "SyntaxTransformationDemo2", "Transf1\SyntaxTransformationDemo2.csproj", "{BB72FAF9-3075-46A2-9F1C-4DA6B22F3A5B}"
EndProject
Global
	GlobalSection(SolutionConfigurationPlatforms) = preSolution
		Debug|Any CPU = Debug|Any CPU
		Release|Any CPU = Release|Any CPU
	EndGlobalSection
	GlobalSection(ProjectConfigurationPlatforms) = postSolution
		{BB72FAF9-3075-46A2-9F1C-4DA6B22F3A5B}.Debug|Any CPU.ActiveCfg = Debug|Any CPU
		{BB72FAF9-3075-46A2-9F1C-4DA6B22F3A5B}.Debug|Any CPU.Build.0 = Debug|Any CPU
		{BB72FAF9-3075-46A2-9F1C-4DA6B22F3A5B}.Release|Any CPU.ActiveCfg = Release|Any CPU
		{BB72FAF9-3075-46A2-9F1C-4DA6B22F3A5B}.Release|Any CPU.Build.0 = Release|Any CPU
	EndGlobalSection
	GlobalSection(SolutionProperties) = preSolution
		HideSolutionNode = FALSE
	EndGlobalSection
	GlobalSection(ExtensibilityGlobals) = postSolution
		SolutionGuid = {57492889-C3FE-4176-A143-92904A2A753B}
	EndGlobalSection
EndGlobal
